
Microsoft Visual Studio Solution File, Format Version 12.00
# Visual Studio 15
VisualStudioVersion = 15.0.28307.102
MinimumVisualStudioVersion = 10.0.40219.1
Project("{FAE04EC0-301F-11D3-BF4B-00C04F79EFBC}") = "NullableBindingTest.Android", "NullableBindingTest\NullableBindingTest.Android\NullableBindingTest.Android.csproj", "{08135EA8-16A9-4B9F-8E59-CB64CCE57B95}"
EndProject
Project("{FAE04EC0-301F-11D3-BF4B-00C04F79EFBC}") = "NullableBindingTest.iOS", "NullableBindingTest\NullableBindingTest.iOS\NullableBindingTest.iOS.csproj", "{9CE60660-0C7A-4374-BBA9-FF5730DACFA6}"
EndProject
Project("{FAE04EC0-301F-11D3-BF4B-00C04F79EFBC}") = "NullableBindingTest.UWP", "NullableBindingTest\NullableBindingTest.UWP\NullableBindingTest.UWP.csproj", "{0044F474-FFAA-4A43-B576-223CD4B44DCB}"
EndProject
Project("{FAE04EC0-301F-11D3-BF4B-00C04F79EFBC}") = "NullableBindingTest", "NullableBindingTest\NullableBindingTest\NullableBindingTest.csproj", "{F73B472C-8306-47BD-AFA8-B28E7F768605}"
EndProject
Global
	GlobalSection(SolutionConfigurationPlatforms) = preSolution
		Ad-Hoc|Any CPU = Ad-Hoc|Any CPU
		Ad-Hoc|ARM = Ad-Hoc|ARM
		Ad-Hoc|iPhone = Ad-Hoc|iPhone
		Ad-Hoc|iPhoneSimulator = Ad-Hoc|iPhoneSimulator
		Ad-Hoc|x64 = Ad-Hoc|x64
		Ad-Hoc|x86 = Ad-Hoc|x86
		AppStore|Any CPU = AppStore|Any CPU
		AppStore|ARM = AppStore|ARM
		AppStore|iPhone = AppStore|iPhone
		AppStore|iPhoneSimulator = AppStore|iPhoneSimulator
		AppStore|x64 = AppStore|x64
		AppStore|x86 = AppStore|x86
		Debug|Any CPU = Debug|Any CPU
		Debug|ARM = Debug|ARM
		Debug|iPhone = Debug|iPhone
		Debug|iPhoneSimulator = Debug|iPhoneSimulator
		Debug|x64 = Debug|x64
		Debug|x86 = Debug|x86
		Release|Any CPU = Release|Any CPU
		Release|ARM = Release|ARM
		Release|iPhone = Release|iPhone
		Release|iPhoneSimulator = Release|iPhoneSimulator
		Release|x64 = Release|x64
		Release|x86 = Release|x86
	EndGlobalSection
	GlobalSection(ProjectConfigurationPlatforms) = postSolution
		{08135EA8-16A9-4B9F-8E59-CB64CCE57B95}.Ad-Hoc|Any CPU.ActiveCfg = Release|Any CPU
		{08135EA8-16A9-4B9F-8E59-CB64CCE57B95}.Ad-Hoc|Any CPU.Build.0 = Release|Any CPU
		{08135EA8-16A9-4B9F-8E59-CB64CCE57B95}.Ad-Hoc|Any CPU.Deploy.0 = Release|Any CPU
		{08135EA8-16A9-4B9F-8E59-CB64CCE57B95}.Ad-Hoc|ARM.ActiveCfg = Release|Any CPU
		{08135EA8-16A9-4B9F-8E59-CB64CCE57B95}.Ad-Hoc|ARM.Build.0 = Release|Any CPU
		{08135EA8-16A9-4B9F-8E59-CB64CCE57B95}.Ad-Hoc|ARM.Deploy.0 = Release|Any CPU
		{08135EA8-16A9-4B9F-8E59-CB64CCE57B95}.Ad-Hoc|iPhone.ActiveCfg = Release|Any CPU
		{08135EA8-16A9-4B9F-8E59-CB64CCE57B95}.Ad-Hoc|iPhone.Build.0 = Release|Any CPU
		{08135EA8-16A9-4B9F-8E59-CB64CCE57B95}.Ad-Hoc|iPhone.Deploy.0 = Release|Any CPU
		{08135EA8-16A9-4B9F-8E59-CB64CCE57B95}.Ad-Hoc|iPhoneSimulator.ActiveCfg = Release|Any CPU
		{08135EA8-16A9-4B9F-8E59-CB64CCE57B95}.Ad-Hoc|iPhoneSimulator.Build.0 = Release|Any CPU
		{08135EA8-16A9-4B9F-8E59-CB64CCE57B95}.Ad-Hoc|iPhoneSimulator.Deploy.0 = Release|Any CPU
		{08135EA8-16A9-4B9F-8E59-CB64CCE57B95}.Ad-Hoc|x64.ActiveCfg = Release|Any CPU
		{08135EA8-16A9-4B9F-8E59-CB64CCE57B95}.Ad-Hoc|x64.Build.0 = Release|Any CPU
		{08135EA8-16A9-4B9F-8E59-CB64CCE57B95}.Ad-Hoc|x64.Deploy.0 = Release|Any CPU
		{08135EA8-16A9-4B9F-8E59-CB64CCE57B95}.Ad-Hoc|x86.ActiveCfg = Release|Any CPU
		{08135EA8-16A9-4B9F-8E59-CB64CCE57B95}.Ad-Hoc|x86.Build.0 = Release|Any CPU
		{08135EA8-16A9-4B9F-8E59-CB64CCE57B95}.Ad-Hoc|x86.Deploy.0 = Release|Any CPU
		{08135EA8-16A9-4B9F-8E59-CB64CCE57B95}.AppStore|Any CPU.ActiveCfg = Release|Any CPU
		{08135EA8-16A9-4B9F-8E59-CB64CCE57B95}.AppStore|Any CPU.Build.0 = Release|Any CPU
		{08135EA8-16A9-4B9F-8E59-CB64CCE57B95}.AppStore|Any CPU.Deploy.0 = Release|Any CPU
		{08135EA8-16A9-4B9F-8E59-CB64CCE57B95}.AppStore|ARM.ActiveCfg = Release|Any CPU
		{08135EA8-16A9-4B9F-8E59-CB64CCE57B95}.AppStore|ARM.Build.0 = Release|Any CPU
		{08135EA8-16A9-4B9F-8E59-CB64CCE57B95}.AppStore|ARM.Deploy.0 = Release|Any CPU
		{08135EA8-16A9-4B9F-8E59-CB64CCE57B95}.AppStore|iPhone.ActiveCfg = Release|Any CPU
		{08135EA8-16A9-4B9F-8E59-CB64CCE57B95}.AppStore|iPhone.Build.0 = Release|Any CPU
		{08135EA8-16A9-4B9F-8E59-CB64CCE57B95}.AppStore|iPhone.Deploy.0 = Release|Any CPU
		{08135EA8-16A9-4B9F-8E59-CB64CCE57B95}.AppStore|iPhoneSimulator.ActiveCfg = Release|Any CPU
		{08135EA8-16A9-4B9F-8E59-CB64CCE57B95}.AppStore|iPhoneSimulator.Build.0 = Release|Any CPU
		{08135EA8-16A9-4B9F-8E59-CB64CCE57B95}.AppStore|iPhoneSimulator.Deploy.0 = Release|Any CPU
		{08135EA8-16A9-4B9F-8E59-CB64CCE57B95}.AppStore|x64.ActiveCfg = Release|Any CPU
		{08135EA8-16A9-4B9F-8E59-CB64CCE57B95}.AppStore|x64.Build.0 = Release|Any CPU
		{08135EA8-16A9-4B9F-8E59-CB64CCE57B95}.AppStore|x64.Deploy.0 = Release|Any CPU
		{08135EA8-16A9-4B9F-8E59-CB64CCE57B95}.AppStore|x86.ActiveCfg = Release|Any CPU
		{08135EA8-16A9-4B9F-8E59-CB64CCE57B95}.AppStore|x86.Build.0 = Release|Any CPU
		{08135EA8-16A9-4B9F-8E59-CB64CCE57B95}.AppStore|x86.Deploy.0 = Release|Any CPU
		{08135EA8-16A9-4B9F-8E59-CB64CCE57B95}.Debug|Any CPU.ActiveCfg = Debug|Any CPU
		{08135EA8-16A9-4B9F-8E59-CB64CCE57B95}.Debug|Any CPU.Build.0 = Debug|Any CPU
		{08135EA8-16A9-4B9F-8E59-CB64CCE57B95}.Debug|Any CPU.Deploy.0 = Debug|Any CPU
		{08135EA8-16A9-4B9F-8E59-CB64CCE57B95}.Debug|ARM.ActiveCfg = Debug|Any CPU
		{08135EA8-16A9-4B9F-8E59-CB64CCE57B95}.Debug|ARM.Build.0 = Debug|Any CPU
		{08135EA8-16A9-4B9F-8E59-CB64CCE57B95}.Debug|ARM.Deploy.0 = Debug|Any CPU
		{08135EA8-16A9-4B9F-8E59-CB64CCE57B95}.Debug|iPhone.ActiveCfg = Debug|Any CPU
		{08135EA8-16A9-4B9F-8E59-CB64CCE57B95}.Debug|iPhone.Build.0 = Debug|Any CPU
		{08135EA8-16A9-4B9F-8E59-CB64CCE57B95}.Debug|iPhone.Deploy.0 = Debug|Any CPU
		{08135EA8-16A9-4B9F-8E59-CB64CCE57B95}.Debug|iPhoneSimulator.ActiveCfg = Debug|Any CPU
		{08135EA8-16A9-4B9F-8E59-CB64CCE57B95}.Debug|iPhoneSimulator.Build.0 = Debug|Any CPU
		{08135EA8-16A9-4B9F-8E59-CB64CCE57B95}.Debug|iPhoneSimulator.Deploy.0 = Debug|Any CPU
		{08135EA8-16A9-4B9F-8E59-CB64CCE57B95}.Debug|x64.ActiveCfg = Debug|Any CPU
		{08135EA8-16A9-4B9F-8E59-CB64CCE57B95}.Debug|x64.Build.0 = Debug|Any CPU
		{08135EA8-16A9-4B9F-8E59-CB64CCE57B95}.Debug|x64.Deploy.0 = Debug|Any CPU
		{08135EA8-16A9-4B9F-8E59-CB64CCE57B95}.Debug|x86.ActiveCfg = Debug|Any CPU
		{08135EA8-16A9-4B9F-8E59-CB64CCE57B95}.Debug|x86.Build.0 = Debug|Any CPU
		{08135EA8-16A9-4B9F-8E59-CB64CCE57B95}.Debug|x86.Deploy.0 = Debug|Any CPU
		{08135EA8-16A9-4B9F-8E59-CB64CCE57B95}.Release|Any CPU.ActiveCfg = Release|Any CPU
		{08135EA8-16A9-4B9F-8E59-CB64CCE57B95}.Release|Any CPU.Build.0 = Release|Any CPU
		{08135EA8-16A9-4B9F-8E59-CB64CCE57B95}.Release|Any CPU.Deploy.0 = Release|Any CPU
		{08135EA8-16A9-4B9F-8E59-CB64CCE57B95}.Release|ARM.ActiveCfg = Release|Any CPU
		{08135EA8-16A9-4B9F-8E59-CB64CCE57B95}.Release|ARM.Build.0 = Release|Any CPU
		{08135EA8-16A9-4B9F-8E59-CB64CCE57B95}.Release|ARM.Deploy.0 = Release|Any CPU
		{08135EA8-16A9-4B9F-8E59-CB64CCE57B95}.Release|iPhone.ActiveCfg = Release|Any CPU
		{08135EA8-16A9-4B9F-8E59-CB64CCE57B95}.Release|iPhone.Build.0 = Release|Any CPU
		{08135EA8-16A9-4B9F-8E59-CB64CCE57B95}.Release|iPhone.Deploy.0 = Release|Any CPU
		{08135EA8-16A9-4B9F-8E59-CB64CCE57B95}.Release|iPhoneSimulator.ActiveCfg = Release|Any CPU
		{08135EA8-16A9-4B9F-8E59-CB64CCE57B95}.Release|iPhoneSimulator.Build.0 = Release|Any CPU
		{08135EA8-16A9-4B9F-8E59-CB64CCE57B95}.Release|iPhoneSimulator.Deploy.0 = Release|Any CPU
		{08135EA8-16A9-4B9F-8E59-CB64CCE57B95}.Release|x64.ActiveCfg = Release|Any CPU
		{08135EA8-16A9-4B9F-8E59-CB64CCE57B95}.Release|x64.Build.0 = Release|Any CPU
		{08135EA8-16A9-4B9F-8E59-CB64CCE57B95}.Release|x64.Deploy.0 = Release|Any CPU
		{08135EA8-16A9-4B9F-8E59-CB64CCE57B95}.Release|x86.ActiveCfg = Release|Any CPU
		{08135EA8-16A9-4B9F-8E59-CB64CCE57B95}.Release|x86.Build.0 = Release|Any CPU
		{08135EA8-16A9-4B9F-8E59-CB64CCE57B95}.Release|x86.Deploy.0 = Release|Any CPU
		{9CE60660-0C7A-4374-BBA9-FF5730DACFA6}.Ad-Hoc|Any CPU.ActiveCfg = Ad-Hoc|iPhone
		{9CE60660-0C7A-4374-BBA9-FF5730DACFA6}.Ad-Hoc|Any CPU.Build.0 = Ad-Hoc|iPhone
		{9CE60660-0C7A-4374-BBA9-FF5730DACFA6}.Ad-Hoc|Any CPU.Deploy.0 = Ad-Hoc|iPhone
		{9CE60660-0C7A-4374-BBA9-FF5730DACFA6}.Ad-Hoc|ARM.ActiveCfg = Ad-Hoc|iPhone
		{9CE60660-0C7A-4374-BBA9-FF5730DACFA6}.Ad-Hoc|ARM.Build.0 = Ad-Hoc|iPhone
		{9CE60660-0C7A-4374-BBA9-FF5730DACFA6}.Ad-Hoc|ARM.Deploy.0 = Ad-Hoc|iPhone
		{9CE60660-0C7A-4374-BBA9-FF5730DACFA6}.Ad-Hoc|iPhone.ActiveCfg = Ad-Hoc|iPhone
		{9CE60660-0C7A-4374-BBA9-FF5730DACFA6}.Ad-Hoc|iPhone.Build.0 = Ad-Hoc|iPhone
		{9CE60660-0C7A-4374-BBA9-FF5730DACFA6}.Ad-Hoc|iPhone.Deploy.0 = Ad-Hoc|iPhone
		{9CE60660-0C7A-4374-BBA9-FF5730DACFA6}.Ad-Hoc|iPhoneSimulator.ActiveCfg = Ad-Hoc|iPhoneSimulator
		{9CE60660-0C7A-4374-BBA9-FF5730DACFA6}.Ad-Hoc|iPhoneSimulator.Build.0 = Ad-Hoc|iPhoneSimulator
		{9CE60660-0C7A-4374-BBA9-FF5730DACFA6}.Ad-Hoc|iPhoneSimulator.Deploy.0 = Ad-Hoc|iPhoneSimulator
		{9CE60660-0C7A-4374-BBA9-FF5730DACFA6}.Ad-Hoc|x64.ActiveCfg = Ad-Hoc|iPhone
		{9CE60660-0C7A-4374-BBA9-FF5730DACFA6}.Ad-Hoc|x64.Build.0 = Ad-Hoc|iPhone
		{9CE60660-0C7A-4374-BBA9-FF5730DACFA6}.Ad-Hoc|x64.Deploy.0 = Ad-Hoc|iPhone
		{9CE60660-0C7A-4374-BBA9-FF5730DACFA6}.Ad-Hoc|x86.ActiveCfg = Ad-Hoc|iPhone
		{9CE60660-0C7A-4374-BBA9-FF5730DACFA6}.Ad-Hoc|x86.Build.0 = Ad-Hoc|iPhone
		{9CE60660-0C7A-4374-BBA9-FF5730DACFA6}.Ad-Hoc|x86.Deploy.0 = Ad-Hoc|iPhone
		{9CE60660-0C7A-4374-BBA9-FF5730DACFA6}.AppStore|Any CPU.ActiveCfg = AppStore|iPhone
		{9CE60660-0C7A-4374-BBA9-FF5730DACFA6}.AppStore|Any CPU.Build.0 = AppStore|iPhone
		{9CE60660-0C7A-4374-BBA9-FF5730DACFA6}.AppStore|Any CPU.Deploy.0 = AppStore|iPhone
		{9CE60660-0C7A-4374-BBA9-FF5730DACFA6}.AppStore|ARM.ActiveCfg = AppStore|iPhone
		{9CE60660-0C7A-4374-BBA9-FF5730DACFA6}.AppStore|ARM.Build.0 = AppStore|iPhone
		{9CE60660-0C7A-4374-BBA9-FF5730DACFA6}.AppStore|ARM.Deploy.0 = AppStore|iPhone
		{9CE60660-0C7A-4374-BBA9-FF5730DACFA6}.AppStore|iPhone.ActiveCfg = AppStore|iPhone
		{9CE60660-0C7A-4374-BBA9-FF5730DACFA6}.AppStore|iPhone.Build.0 = AppStore|iPhone
		{9CE60660-0C7A-4374-BBA9-FF5730DACFA6}.AppStore|iPhone.Deploy.0 = AppStore|iPhone
		{9CE60660-0C7A-4374-BBA9-FF5730DACFA6}.AppStore|iPhoneSimulator.ActiveCfg = AppStore|iPhoneSimulator
		{9CE60660-0C7A-4374-BBA9-FF5730DACFA6}.AppStore|iPhoneSimulator.Build.0 = AppStore|iPhoneSimulator
		{9CE60660-0C7A-4374-BBA9-FF5730DACFA6}.AppStore|iPhoneSimulator.Deploy.0 = AppStore|iPhoneSimulator
		{9CE60660-0C7A-4374-BBA9-FF5730DACFA6}.AppStore|x64.ActiveCfg = AppStore|iPhone
		{9CE60660-0C7A-4374-BBA9-FF5730DACFA6}.AppStore|x64.Build.0 = AppStore|iPhone
		{9CE60660-0C7A-4374-BBA9-FF5730DACFA6}.AppStore|x64.Deploy.0 = AppStore|iPhone
		{9CE60660-0C7A-4374-BBA9-FF5730DACFA6}.AppStore|x86.ActiveCfg = AppStore|iPhone
		{9CE60660-0C7A-4374-BBA9-FF5730DACFA6}.AppStore|x86.Build.0 = AppStore|iPhone
		{9CE60660-0C7A-4374-BBA9-FF5730DACFA6}.AppStore|x86.Deploy.0 = AppStore|iPhone
		{9CE60660-0C7A-4374-BBA9-FF5730DACFA6}.Debug|Any CPU.ActiveCfg = Debug|iPhoneSimulator
		{9CE60660-0C7A-4374-BBA9-FF5730DACFA6}.Debug|Any CPU.Build.0 = Debug|iPhoneSimulator
		{9CE60660-0C7A-4374-BBA9-FF5730DACFA6}.Debug|Any CPU.Deploy.0 = Debug|iPhoneSimulator
		{9CE60660-0C7A-4374-BBA9-FF5730DACFA6}.Debug|ARM.ActiveCfg = Debug|iPhone
		{9CE60660-0C7A-4374-BBA9-FF5730DACFA6}.Debug|ARM.Build.0 = Debug|iPhone
		{9CE60660-0C7A-4374-BBA9-FF5730DACFA6}.Debug|ARM.Deploy.0 = Debug|iPhone
		{9CE60660-0C7A-4374-BBA9-FF5730DACFA6}.Debug|iPhone.ActiveCfg = Debug|iPhone
		{9CE60660-0C7A-4374-BBA9-FF5730DACFA6}.Debug|iPhone.Build.0 = Debug|iPhone
		{9CE60660-0C7A-4374-BBA9-FF5730DACFA6}.Debug|iPhone.Deploy.0 = Debug|iPhone
		{9CE60660-0C7A-4374-BBA9-FF5730DACFA6}.Debug|iPhoneSimulator.ActiveCfg = Debug|iPhoneSimulator
		{9CE60660-0C7A-4374-BBA9-FF5730DACFA6}.Debug|iPhoneSimulator.Build.0 = Debug|iPhoneSimulator
		{9CE60660-0C7A-4374-BBA9-FF5730DACFA6}.Debug|iPhoneSimulator.Deploy.0 = Debug|iPhoneSimulator
		{9CE60660-0C7A-4374-BBA9-FF5730DACFA6}.Debug|x64.ActiveCfg = Debug|iPhone
		{9CE60660-0C7A-4374-BBA9-FF5730DACFA6}.Debug|x64.Build.0 = Debug|iPhone
		{9CE60660-0C7A-4374-BBA9-FF5730DACFA6}.Debug|x64.Deploy.0 = Debug|iPhone
		{9CE60660-0C7A-4374-BBA9-FF5730DACFA6}.Debug|x86.ActiveCfg = Debug|iPhone
		{9CE60660-0C7A-4374-BBA9-FF5730DACFA6}.Debug|x86.Build.0 = Debug|iPhone
		{9CE60660-0C7A-4374-BBA9-FF5730DACFA6}.Debug|x86.Deploy.0 = Debug|iPhone
		{9CE60660-0C7A-4374-BBA9-FF5730DACFA6}.Release|Any CPU.ActiveCfg = Release|iPhone
		{9CE60660-0C7A-4374-BBA9-FF5730DACFA6}.Release|Any CPU.Build.0 = Release|iPhone
		{9CE60660-0C7A-4374-BBA9-FF5730DACFA6}.Release|Any CPU.Deploy.0 = Release|iPhone
		{9CE60660-0C7A-4374-BBA9-FF5730DACFA6}.Release|ARM.ActiveCfg = Release|iPhone
		{9CE60660-0C7A-4374-BBA9-FF5730DACFA6}.Release|ARM.Build.0 = Release|iPhone
		{9CE60660-0C7A-4374-BBA9-FF5730DACFA6}.Release|ARM.Deploy.0 = Release|iPhone
		{9CE60660-0C7A-4374-BBA9-FF5730DACFA6}.Release|iPhone.ActiveCfg = Release|iPhone
		{9CE60660-0C7A-4374-BBA9-FF5730DACFA6}.Release|iPhone.Build.0 = Release|iPhone
		{9CE60660-0C7A-4374-BBA9-FF5730DACFA6}.Release|iPhone.Deploy.0 = Release|iPhone
		{9CE60660-0C7A-4374-BBA9-FF5730DACFA6}.Release|iPhoneSimulator.ActiveCfg = Release|iPhoneSimulator
		{9CE60660-0C7A-4374-BBA9-FF5730DACFA6}.Release|iPhoneSimulator.Build.0 = Release|iPhoneSimulator
		{9CE60660-0C7A-4374-BBA9-FF5730DACFA6}.Release|iPhoneSimulator.Deploy.0 = Release|iPhoneSimulator
		{9CE60660-0C7A-4374-BBA9-FF5730DACFA6}.Release|x64.ActiveCfg = Release|iPhone
		{9CE60660-0C7A-4374-BBA9-FF5730DACFA6}.Release|x64.Build.0 = Release|iPhone
		{9CE60660-0C7A-4374-BBA9-FF5730DACFA6}.Release|x64.Deploy.0 = Release|iPhone
		{9CE60660-0C7A-4374-BBA9-FF5730DACFA6}.Release|x86.ActiveCfg = Release|iPhone
		{9CE60660-0C7A-4374-BBA9-FF5730DACFA6}.Release|x86.Build.0 = Release|iPhone
		{9CE60660-0C7A-4374-BBA9-FF5730DACFA6}.Release|x86.Deploy.0 = Release|iPhone
		{0044F474-FFAA-4A43-B576-223CD4B44DCB}.Ad-Hoc|Any CPU.ActiveCfg = Release|x86
		{0044F474-FFAA-4A43-B576-223CD4B44DCB}.Ad-Hoc|Any CPU.Build.0 = Release|x86
		{0044F474-FFAA-4A43-B576-223CD4B44DCB}.Ad-Hoc|Any CPU.Deploy.0 = Release|x86
		{0044F474-FFAA-4A43-B576-223CD4B44DCB}.Ad-Hoc|ARM.ActiveCfg = Release|ARM
		{0044F474-FFAA-4A43-B576-223CD4B44DCB}.Ad-Hoc|ARM.Build.0 = Release|ARM
		{0044F474-FFAA-4A43-B576-223CD4B44DCB}.Ad-Hoc|ARM.Deploy.0 = Release|ARM
		{0044F474-FFAA-4A43-B576-223CD4B44DCB}.Ad-Hoc|iPhone.ActiveCfg = Release|x86
		{0044F474-FFAA-4A43-B576-223CD4B44DCB}.Ad-Hoc|iPhone.Build.0 = Release|x86
		{0044F474-FFAA-4A43-B576-223CD4B44DCB}.Ad-Hoc|iPhone.Deploy.0 = Release|x86
		{0044F474-FFAA-4A43-B576-223CD4B44DCB}.Ad-Hoc|iPhoneSimulator.ActiveCfg = Release|x86
		{0044F474-FFAA-4A43-B576-223CD4B44DCB}.Ad-Hoc|iPhoneSimulator.Build.0 = Release|x86
		{0044F474-FFAA-4A43-B576-223CD4B44DCB}.Ad-Hoc|iPhoneSimulator.Deploy.0 = Release|x86
		{0044F474-FFAA-4A43-B576-223CD4B44DCB}.Ad-Hoc|x64.ActiveCfg = Release|x64
		{0044F474-FFAA-4A43-B576-223CD4B44DCB}.Ad-Hoc|x64.Build.0 = Release|x64
		{0044F474-FFAA-4A43-B576-223CD4B44DCB}.Ad-Hoc|x64.Deploy.0 = Release|x64
		{0044F474-FFAA-4A43-B576-223CD4B44DCB}.Ad-Hoc|x86.ActiveCfg = Release|x86
		{0044F474-FFAA-4A43-B576-223CD4B44DCB}.Ad-Hoc|x86.Build.0 = Release|x86
		{0044F474-FFAA-4A43-B576-223CD4B44DCB}.Ad-Hoc|x86.Deploy.0 = Release|x86
		{0044F474-FFAA-4A43-B576-223CD4B44DCB}.AppStore|Any CPU.ActiveCfg = Release|x86
		{0044F474-FFAA-4A43-B576-223CD4B44DCB}.AppStore|Any CPU.Build.0 = Release|x86
		{0044F474-FFAA-4A43-B576-223CD4B44DCB}.AppStore|Any CPU.Deploy.0 = Release|x86
		{0044F474-FFAA-4A43-B576-223CD4B44DCB}.AppStore|ARM.ActiveCfg = Release|ARM
		{0044F474-FFAA-4A43-B576-223CD4B44DCB}.AppStore|ARM.Build.0 = Release|ARM
		{0044F474-FFAA-4A43-B576-223CD4B44DCB}.AppStore|ARM.Deploy.0 = Release|ARM
		{0044F474-FFAA-4A43-B576-223CD4B44DCB}.AppStore|iPhone.ActiveCfg = Release|x86
		{0044F474-FFAA-4A43-B576-223CD4B44DCB}.AppStore|iPhone.Build.0 = Release|x86
		{0044F474-FFAA-4A43-B576-223CD4B44DCB}.AppStore|iPhone.Deploy.0 = Release|x86
		{0044F474-FFAA-4A43-B576-223CD4B44DCB}.AppStore|iPhoneSimulator.ActiveCfg = Release|x86
		{0044F474-FFAA-4A43-B576-223CD4B44DCB}.AppStore|iPhoneSimulator.Build.0 = Release|x86
		{0044F474-FFAA-4A43-B576-223CD4B44DCB}.AppStore|iPhoneSimulator.Deploy.0 = Release|x86
		{0044F474-FFAA-4A43-B576-223CD4B44DCB}.AppStore|x64.ActiveCfg = Release|x64
		{0044F474-FFAA-4A43-B576-223CD4B44DCB}.AppStore|x64.Build.0 = Release|x64
		{0044F474-FFAA-4A43-B576-223CD4B44DCB}.AppStore|x64.Deploy.0 = Release|x64
		{0044F474-FFAA-4A43-B576-223CD4B44DCB}.AppStore|x86.ActiveCfg = Release|x86
		{0044F474-FFAA-4A43-B576-223CD4B44DCB}.AppStore|x86.Build.0 = Release|x86
		{0044F474-FFAA-4A43-B576-223CD4B44DCB}.AppStore|x86.Deploy.0 = Release|x86
		{0044F474-FFAA-4A43-B576-223CD4B44DCB}.Debug|Any CPU.ActiveCfg = Debug|x86
		{0044F474-FFAA-4A43-B576-223CD4B44DCB}.Debug|Any CPU.Build.0 = Debug|x86
		{0044F474-FFAA-4A43-B576-223CD4B44DCB}.Debug|Any CPU.Deploy.0 = Debug|x86
		{0044F474-FFAA-4A43-B576-223CD4B44DCB}.Debug|ARM.ActiveCfg = Debug|ARM
		{0044F474-FFAA-4A43-B576-223CD4B44DCB}.Debug|ARM.Build.0 = Debug|ARM
		{0044F474-FFAA-4A43-B576-223CD4B44DCB}.Debug|ARM.Deploy.0 = Debug|ARM
		{0044F474-FFAA-4A43-B576-223CD4B44DCB}.Debug|iPhone.ActiveCfg = Debug|x86
		{0044F474-FFAA-4A43-B576-223CD4B44DCB}.Debug|iPhone.Build.0 = Debug|x86
		{0044F474-FFAA-4A43-B576-223CD4B44DCB}.Debug|iPhone.Deploy.0 = Debug|x86
		{0044F474-FFAA-4A43-B576-223CD4B44DCB}.Debug|iPhoneSimulator.ActiveCfg = Debug|x86
		{0044F474-FFAA-4A43-B576-223CD4B44DCB}.Debug|iPhoneSimulator.Build.0 = Debug|x86
		{0044F474-FFAA-4A43-B576-223CD4B44DCB}.Debug|iPhoneSimulator.Deploy.0 = Debug|x86
		{0044F474-FFAA-4A43-B576-223CD4B44DCB}.Debug|x64.ActiveCfg = Debug|x64
		{0044F474-FFAA-4A43-B576-223CD4B44DCB}.Debug|x64.Build.0 = Debug|x64
		{0044F474-FFAA-4A43-B576-223CD4B44DCB}.Debug|x64.Deploy.0 = Debug|x64
		{0044F474-FFAA-4A43-B576-223CD4B44DCB}.Debug|x86.ActiveCfg = Debug|x86
		{0044F474-FFAA-4A43-B576-223CD4B44DCB}.Debug|x86.Build.0 = Debug|x86
		{0044F474-FFAA-4A43-B576-223CD4B44DCB}.Debug|x86.Deploy.0 = Debug|x86
		{0044F474-FFAA-4A43-B576-223CD4B44DCB}.Release|Any CPU.ActiveCfg = Release|x86
		{0044F474-FFAA-4A43-B576-223CD4B44DCB}.Release|Any CPU.Build.0 = Release|x86
		{0044F474-FFAA-4A43-B576-223CD4B44DCB}.Release|Any CPU.Deploy.0 = Release|x86
		{0044F474-FFAA-4A43-B576-223CD4B44DCB}.Release|ARM.ActiveCfg = Release|ARM
		{0044F474-FFAA-4A43-B576-223CD4B44DCB}.Release|ARM.Build.0 = Release|ARM
		{0044F474-FFAA-4A43-B576-223CD4B44DCB}.Release|ARM.Deploy.0 = Release|ARM
		{0044F474-FFAA-4A43-B576-223CD4B44DCB}.Release|iPhone.ActiveCfg = Release|x86
		{0044F474-FFAA-4A43-B576-223CD4B44DCB}.Release|iPhone.Build.0 = Release|x86
		{0044F474-FFAA-4A43-B576-223CD4B44DCB}.Release|iPhone.Deploy.0 = Release|x86
		{0044F474-FFAA-4A43-B576-223CD4B44DCB}.Release|iPhoneSimulator.ActiveCfg = Release|x86
		{0044F474-FFAA-4A43-B576-223CD4B44DCB}.Release|iPhoneSimulator.Build.0 = Release|x86
		{0044F474-FFAA-4A43-B576-223CD4B44DCB}.Release|iPhoneSimulator.Deploy.0 = Release|x86
		{0044F474-FFAA-4A43-B576-223CD4B44DCB}.Release|x64.ActiveCfg = Release|x64
		{0044F474-FFAA-4A43-B576-223CD4B44DCB}.Release|x64.Build.0 = Release|x64
		{0044F474-FFAA-4A43-B576-223CD4B44DCB}.Release|x64.Deploy.0 = Release|x64
		{0044F474-FFAA-4A43-B576-223CD4B44DCB}.Release|x86.ActiveCfg = Release|x86
		{0044F474-FFAA-4A43-B576-223CD4B44DCB}.Release|x86.Build.0 = Release|x86
		{0044F474-FFAA-4A43-B576-223CD4B44DCB}.Release|x86.Deploy.0 = Release|x86
		{F73B472C-8306-47BD-AFA8-B28E7F768605}.Ad-Hoc|Any CPU.ActiveCfg = Debug|Any CPU
		{F73B472C-8306-47BD-AFA8-B28E7F768605}.Ad-Hoc|Any CPU.Build.0 = Debug|Any CPU
		{F73B472C-8306-47BD-AFA8-B28E7F768605}.Ad-Hoc|Any CPU.Deploy.0 = Debug|Any CPU
		{F73B472C-8306-47BD-AFA8-B28E7F768605}.Ad-Hoc|ARM.ActiveCfg = Debug|Any CPU
		{F73B472C-8306-47BD-AFA8-B28E7F768605}.Ad-Hoc|ARM.Build.0 = Debug|Any CPU
		{F73B472C-8306-47BD-AFA8-B28E7F768605}.Ad-Hoc|ARM.Deploy.0 = Debug|Any CPU
		{F73B472C-8306-47BD-AFA8-B28E7F768605}.Ad-Hoc|iPhone.ActiveCfg = Debug|Any CPU
		{F73B472C-8306-47BD-AFA8-B28E7F768605}.Ad-Hoc|iPhone.Build.0 = Debug|Any CPU
		{F73B472C-8306-47BD-AFA8-B28E7F768605}.Ad-Hoc|iPhone.Deploy.0 = Debug|Any CPU
		{F73B472C-8306-47BD-AFA8-B28E7F768605}.Ad-Hoc|iPhoneSimulator.ActiveCfg = Debug|Any CPU
		{F73B472C-8306-47BD-AFA8-B28E7F768605}.Ad-Hoc|iPhoneSimulator.Build.0 = Debug|Any CPU
		{F73B472C-8306-47BD-AFA8-B28E7F768605}.Ad-Hoc|iPhoneSimulator.Deploy.0 = Debug|Any CPU
		{F73B472C-8306-47BD-AFA8-B28E7F768605}.Ad-Hoc|x64.ActiveCfg = Debug|Any CPU
		{F73B472C-8306-47BD-AFA8-B28E7F768605}.Ad-Hoc|x64.Build.0 = Debug|Any CPU
		{F73B472C-8306-47BD-AFA8-B28E7F768605}.Ad-Hoc|x64.Deploy.0 = Debug|Any CPU
		{F73B472C-8306-47BD-AFA8-B28E7F768605}.Ad-Hoc|x86.ActiveCfg = Debug|Any CPU
		{F73B472C-8306-47BD-AFA8-B28E7F768605}.Ad-Hoc|x86.Build.0 = Debug|Any CPU
		{F73B472C-8306-47BD-AFA8-B28E7F768605}.Ad-Hoc|x86.Deploy.0 = Debug|Any CPU
		{F73B472C-8306-47BD-AFA8-B28E7F768605}.AppStore|Any CPU.ActiveCfg = Debug|Any CPU
		{F73B472C-8306-47BD-AFA8-B28E7F768605}.AppStore|Any CPU.Build.0 = Debug|Any CPU
		{F73B472C-8306-47BD-AFA8-B28E7F768605}.AppStore|Any CPU.Deploy.0 = Debug|Any CPU
		{F73B472C-8306-47BD-AFA8-B28E7F768605}.AppStore|ARM.ActiveCfg = Debug|Any CPU
		{F73B472C-8306-47BD-AFA8-B28E7F768605}.AppStore|ARM.Build.0 = Debug|Any CPU
		{F73B472C-8306-47BD-AFA8-B28E7F768605}.AppStore|ARM.Deploy.0 = Debug|Any CPU
		{F73B472C-8306-47BD-AFA8-B28E7F768605}.AppStore|iPhone.ActiveCfg = Debug|Any CPU
		{F73B472C-8306-47BD-AFA8-B28E7F768605}.AppStore|iPhone.Build.0 = Debug|Any CPU
		{F73B472C-8306-47BD-AFA8-B28E7F768605}.AppStore|iPhone.Deploy.0 = Debug|Any CPU
		{F73B472C-8306-47BD-AFA8-B28E7F768605}.AppStore|iPhoneSimulator.ActiveCfg = Debug|Any CPU
		{F73B472C-8306-47BD-AFA8-B28E7F768605}.AppStore|iPhoneSimulator.Build.0 = Debug|Any CPU
		{F73B472C-8306-47BD-AFA8-B28E7F768605}.AppStore|iPhoneSimulator.Deploy.0 = Debug|Any CPU
		{F73B472C-8306-47BD-AFA8-B28E7F768605}.AppStore|x64.ActiveCfg = Debug|Any CPU
		{F73B472C-8306-47BD-AFA8-B28E7F768605}.AppStore|x64.Build.0 = Debug|Any CPU
		{F73B472C-8306-47BD-AFA8-B28E7F768605}.AppStore|x64.Deploy.0 = Debug|Any CPU
		{F73B472C-8306-47BD-AFA8-B28E7F768605}.AppStore|x86.ActiveCfg = Debug|Any CPU
		{F73B472C-8306-47BD-AFA8-B28E7F768605}.AppStore|x86.Build.0 = Debug|Any CPU
		{F73B472C-8306-47BD-AFA8-B28E7F768605}.AppStore|x86.Deploy.0 = Debug|Any CPU
		{F73B472C-8306-47BD-AFA8-B28E7F768605}.Debug|Any CPU.ActiveCfg = Debug|Any CPU
		{F73B472C-8306-47BD-AFA8-B28E7F768605}.Debug|Any CPU.Build.0 = Debug|Any CPU
		{F73B472C-8306-47BD-AFA8-B28E7F768605}.Debug|Any CPU.Deploy.0 = Debug|Any CPU
		{F73B472C-8306-47BD-AFA8-B28E7F768605}.Debug|ARM.ActiveCfg = Debug|Any CPU
		{F73B472C-8306-47BD-AFA8-B28E7F768605}.Debug|ARM.Build.0 = Debug|Any CPU
		{F73B472C-8306-47BD-AFA8-B28E7F768605}.Debug|ARM.Deploy.0 = Debug|Any CPU
		{F73B472C-8306-47BD-AFA8-B28E7F768605}.Debug|iPhone.ActiveCfg = Debug|Any CPU
		{F73B472C-8306-47BD-AFA8-B28E7F768605}.Debug|iPhone.Build.0 = Debug|Any CPU
		{F73B472C-8306-47BD-AFA8-B28E7F768605}.Debug|iPhone.Deploy.0 = Debug|Any CPU
		{F73B472C-8306-47BD-AFA8-B28E7F768605}.Debug|iPhoneSimulator.ActiveCfg = Debug|Any CPU
		{F73B472C-8306-47BD-AFA8-B28E7F768605}.Debug|iPhoneSimulator.Build.0 = Debug|Any CPU
		{F73B472C-8306-47BD-AFA8-B28E7F768605}.Debug|iPhoneSimulator.Deploy.0 = Debug|Any CPU
		{F73B472C-8306-47BD-AFA8-B28E7F768605}.Debug|x64.ActiveCfg = Debug|Any CPU
		{F73B472C-8306-47BD-AFA8-B28E7F768605}.Debug|x64.Build.0 = Debug|Any CPU
		{F73B472C-8306-47BD-AFA8-B28E7F768605}.Debug|x64.Deploy.0 = Debug|Any CPU
		{F73B472C-8306-47BD-AFA8-B28E7F768605}.Debug|x86.ActiveCfg = Debug|Any CPU
		{F73B472C-8306-47BD-AFA8-B28E7F768605}.Debug|x86.Build.0 = Debug|Any CPU
		{F73B472C-8306-47BD-AFA8-B28E7F768605}.Debug|x86.Deploy.0 = Debug|Any CPU
		{F73B472C-8306-47BD-AFA8-B28E7F768605}.Release|Any CPU.ActiveCfg = Release|Any CPU
		{F73B472C-8306-47BD-AFA8-B28E7F768605}.Release|Any CPU.Build.0 = Release|Any CPU
		{F73B472C-8306-47BD-AFA8-B28E7F768605}.Release|Any CPU.Deploy.0 = Release|Any CPU
		{F73B472C-8306-47BD-AFA8-B28E7F768605}.Release|ARM.ActiveCfg = Release|Any CPU
		{F73B472C-8306-47BD-AFA8-B28E7F768605}.Release|ARM.Build.0 = Release|Any CPU
		{F73B472C-8306-47BD-AFA8-B28E7F768605}.Release|ARM.Deploy.0 = Release|Any CPU
		{F73B472C-8306-47BD-AFA8-B28E7F768605}.Release|iPhone.ActiveCfg = Release|Any CPU
		{F73B472C-8306-47BD-AFA8-B28E7F768605}.Release|iPhone.Build.0 = Release|Any CPU
		{F73B472C-8306-47BD-AFA8-B28E7F768605}.Release|iPhone.Deploy.0 = Release|Any CPU
		{F73B472C-8306-47BD-AFA8-B28E7F768605}.Release|iPhoneSimulator.ActiveCfg = Release|Any CPU
		{F73B472C-8306-47BD-AFA8-B28E7F768605}.Release|iPhoneSimulator.Build.0 = Release|Any CPU
		{F73B472C-8306-47BD-AFA8-B28E7F768605}.Release|iPhoneSimulator.Deploy.0 = Release|Any CPU
		{F73B472C-8306-47BD-AFA8-B28E7F768605}.Release|x64.ActiveCfg = Release|Any CPU
		{F73B472C-8306-47BD-AFA8-B28E7F768605}.Release|x64.Build.0 = Release|Any CPU
		{F73B472C-8306-47BD-AFA8-B28E7F768605}.Release|x64.Deploy.0 = Release|Any CPU
		{F73B472C-8306-47BD-AFA8-B28E7F768605}.Release|x86.ActiveCfg = Release|Any CPU
		{F73B472C-8306-47BD-AFA8-B28E7F768605}.Release|x86.Build.0 = Release|Any CPU
		{F73B472C-8306-47BD-AFA8-B28E7F768605}.Release|x86.Deploy.0 = Release|Any CPU
	EndGlobalSection
	GlobalSection(SolutionProperties) = preSolution
		HideSolutionNode = FALSE
	EndGlobalSection
	GlobalSection(ExtensibilityGlobals) = postSolution
		SolutionGuid = {CB6D2FED-5F8D-4278-A579-42B575A13B92}
	EndGlobalSection
EndGlobal
